
Microsoft Visual Studio Solution File, Format Version 12.00
# Visual Studio Version 17
VisualStudioVersion = 17.14.36327.8
MinimumVisualStudioVersion = 10.0.40219.1
Project("{FAE04EC0-301F-11D3-BF4B-00C04F79EFBC}") = "SudokuSolver", "SudokuSolver\SudokuSolver.csproj", "{271681E4-6E56-4D29-A601-5B0D171FF6CF}"
EndProject
Project("{FAE04EC0-301F-11D3-BF4B-00C04F79EFBC}") = "SudokuSolver.Test.Unit", "SudokuSolver.Unit.Test\SudokuSolver.Test.Unit.csproj", "{62D805A7-CF42-41DB-83A1-18BDBF03E9D1}"
EndProject
Global
	GlobalSection(SolutionConfigurationPlatforms) = preSolution
		Debug|Any CPU = Debug|Any CPU
		Release|Any CPU = Release|Any CPU
	EndGlobalSection
	GlobalSection(ProjectConfigurationPlatforms) = postSolution
		{271681E4-6E56-4D29-A601-5B0D171FF6CF}.Debug|Any CPU.ActiveCfg = Debug|Any CPU
		{271681E4-6E56-4D29-A601-5B0D171FF6CF}.Debug|Any CPU.Build.0 = Debug|Any CPU
		{271681E4-6E56-4D29-A601-5B0D171FF6CF}.Release|Any CPU.ActiveCfg = Release|Any CPU
		{271681E4-6E56-4D29-A601-5B0D171FF6CF}.Release|Any CPU.Build.0 = Release|Any CPU
		{62D805A7-CF42-41DB-83A1-18BDBF03E9D1}.Debug|Any CPU.ActiveCfg = Debug|Any CPU
		{62D805A7-CF42-41DB-83A1-18BDBF03E9D1}.Debug|Any CPU.Build.0 = Debug|Any CPU
		{62D805A7-CF42-41DB-83A1-18BDBF03E9D1}.Release|Any CPU.ActiveCfg = Release|Any CPU
		{62D805A7-CF42-41DB-83A1-18BDBF03E9D1}.Release|Any CPU.Build.0 = Release|Any CPU
	EndGlobalSection
	GlobalSection(SolutionProperties) = preSolution
		HideSolutionNode = FALSE
	EndGlobalSection
	GlobalSection(ExtensibilityGlobals) = postSolution
		SolutionGuid = {F357457E-8D4F-47E7-9DCF-FCD4AF78A113}
	EndGlobalSection
EndGlobal
